
Microsoft Visual Studio Solution File, Format Version 12.00
# Visual Studio 15
VisualStudioVersion = 15.0.27130.2003
MinimumVisualStudioVersion = 10.0.40219.1
Project("{FAE04EC0-301F-11D3-BF4B-00C04F79EFBC}") = "Userid", "Userid\Userid.csproj", "{8498E31A-D8E4-479F-8A33-452BA3421D31}"
EndProject
Global
	GlobalSection(SolutionConfigurationPlatforms) = preSolution
		Debug|Any CPU = Debug|Any CPU
		Release|Any CPU = Release|Any CPU
	EndGlobalSection
	GlobalSection(ProjectConfigurationPlatforms) = postSolution
		{8498E31A-D8E4-479F-8A33-452BA3421D31}.Debug|Any CPU.ActiveCfg = Debug|Any CPU
		{8498E31A-D8E4-479F-8A33-452BA3421D31}.Debug|Any CPU.Build.0 = Debug|Any CPU
		{8498E31A-D8E4-479F-8A33-452BA3421D31}.Release|Any CPU.ActiveCfg = Release|Any CPU
		{8498E31A-D8E4-479F-8A33-452BA3421D31}.Release|Any CPU.Build.0 = Release|Any CPU
	EndGlobalSection
	GlobalSection(SolutionProperties) = preSolution
		HideSolutionNode = FALSE
	EndGlobalSection
	GlobalSection(ExtensibilityGlobals) = postSolution
		SolutionGuid = {6E180D0C-7F63-4039-A3CC-D55E7E086B46}
	EndGlobalSection
EndGlobal
