
Microsoft Visual Studio Solution File, Format Version 12.00
# Visual Studio 15
VisualStudioVersion = 15.0.27130.2003
MinimumVisualStudioVersion = 10.0.40219.1
Project("{FAE04EC0-301F-11D3-BF4B-00C04F79EFBC}") = "Keytool", "Keytool\Keytool.csproj", "{57F3F8F9-45C4-4DAE-A740-B5B734F42A29}"
EndProject
Global
	GlobalSection(SolutionConfigurationPlatforms) = preSolution
		Debug|Any CPU = Debug|Any CPU
		Release|Any CPU = Release|Any CPU
	EndGlobalSection
	GlobalSection(ProjectConfigurationPlatforms) = postSolution
		{57F3F8F9-45C4-4DAE-A740-B5B734F42A29}.Debug|Any CPU.ActiveCfg = Debug|Any CPU
		{57F3F8F9-45C4-4DAE-A740-B5B734F42A29}.Debug|Any CPU.Build.0 = Debug|Any CPU
		{57F3F8F9-45C4-4DAE-A740-B5B734F42A29}.Release|Any CPU.ActiveCfg = Release|Any CPU
		{57F3F8F9-45C4-4DAE-A740-B5B734F42A29}.Release|Any CPU.Build.0 = Release|Any CPU
	EndGlobalSection
	GlobalSection(SolutionProperties) = preSolution
		HideSolutionNode = FALSE
	EndGlobalSection
	GlobalSection(ExtensibilityGlobals) = postSolution
		SolutionGuid = {5198C618-1A12-4761-AA49-F1F930914415}
	EndGlobalSection
EndGlobal
